
Microsoft Visual Studio Solution File, Format Version 12.00
# Visual Studio Version 17
VisualStudioVersion = 17.0.31903.59
MinimumVisualStudioVersion = 10.0.40219.1
Project("{FAE04EC0-301F-11D3-BF4B-00C04F79EFBC}") = "Domain", "SGHSS.Domain\Domain.csproj", "{0663DAB7-72F7-45F4-B611-5CEB32816475}"
EndProject
Project("{FAE04EC0-301F-11D3-BF4B-00C04F79EFBC}") = "Application", "SGHSS.Application\Application.csproj", "{0432ECD7-A771-46AA-8D64-2A40B01FDCEB}"
EndProject
Project("{FAE04EC0-301F-11D3-BF4B-00C04F79EFBC}") = "Infrastructure", "SGHSS.Infrastructure\Infrastructure.csproj", "{6A54CEC2-8A56-478A-9A04-1DE8978DDD74}"
EndProject
Project("{FAE04EC0-301F-11D3-BF4B-00C04F79EFBC}") = "Api", "SGHSS.API\Api.csproj", "{9B89C8A6-40E2-430A-909F-7CD0FEF4DC12}"
EndProject
Global
	GlobalSection(SolutionConfigurationPlatforms) = preSolution
		Debug|Any CPU = Debug|Any CPU
		Debug|x64 = Debug|x64
		Debug|x86 = Debug|x86
		Release|Any CPU = Release|Any CPU
		Release|x64 = Release|x64
		Release|x86 = Release|x86
	EndGlobalSection
	GlobalSection(ProjectConfigurationPlatforms) = postSolution
		{0663DAB7-72F7-45F4-B611-5CEB32816475}.Debug|Any CPU.ActiveCfg = Debug|Any CPU
		{0663DAB7-72F7-45F4-B611-5CEB32816475}.Debug|Any CPU.Build.0 = Debug|Any CPU
		{0663DAB7-72F7-45F4-B611-5CEB32816475}.Debug|x64.ActiveCfg = Debug|Any CPU
		{0663DAB7-72F7-45F4-B611-5CEB32816475}.Debug|x64.Build.0 = Debug|Any CPU
		{0663DAB7-72F7-45F4-B611-5CEB32816475}.Debug|x86.ActiveCfg = Debug|Any CPU
		{0663DAB7-72F7-45F4-B611-5CEB32816475}.Debug|x86.Build.0 = Debug|Any CPU
		{0663DAB7-72F7-45F4-B611-5CEB32816475}.Release|Any CPU.ActiveCfg = Release|Any CPU
		{0663DAB7-72F7-45F4-B611-5CEB32816475}.Release|Any CPU.Build.0 = Release|Any CPU
		{0663DAB7-72F7-45F4-B611-5CEB32816475}.Release|x64.ActiveCfg = Release|Any CPU
		{0663DAB7-72F7-45F4-B611-5CEB32816475}.Release|x64.Build.0 = Release|Any CPU
		{0663DAB7-72F7-45F4-B611-5CEB32816475}.Release|x86.ActiveCfg = Release|Any CPU
		{0663DAB7-72F7-45F4-B611-5CEB32816475}.Release|x86.Build.0 = Release|Any CPU
		{0432ECD7-A771-46AA-8D64-2A40B01FDCEB}.Debug|Any CPU.ActiveCfg = Debug|Any CPU
		{0432ECD7-A771-46AA-8D64-2A40B01FDCEB}.Debug|Any CPU.Build.0 = Debug|Any CPU
		{0432ECD7-A771-46AA-8D64-2A40B01FDCEB}.Debug|x64.ActiveCfg = Debug|Any CPU
		{0432ECD7-A771-46AA-8D64-2A40B01FDCEB}.Debug|x64.Build.0 = Debug|Any CPU
		{0432ECD7-A771-46AA-8D64-2A40B01FDCEB}.Debug|x86.ActiveCfg = Debug|Any CPU
		{0432ECD7-A771-46AA-8D64-2A40B01FDCEB}.Debug|x86.Build.0 = Debug|Any CPU
		{0432ECD7-A771-46AA-8D64-2A40B01FDCEB}.Release|Any CPU.ActiveCfg = Release|Any CPU
		{0432ECD7-A771-46AA-8D64-2A40B01FDCEB}.Release|Any CPU.Build.0 = Release|Any CPU
		{0432ECD7-A771-46AA-8D64-2A40B01FDCEB}.Release|x64.ActiveCfg = Release|Any CPU
		{0432ECD7-A771-46AA-8D64-2A40B01FDCEB}.Release|x64.Build.0 = Release|Any CPU
		{0432ECD7-A771-46AA-8D64-2A40B01FDCEB}.Release|x86.ActiveCfg = Release|Any CPU
		{0432ECD7-A771-46AA-8D64-2A40B01FDCEB}.Release|x86.Build.0 = Release|Any CPU
		{6A54CEC2-8A56-478A-9A04-1DE8978DDD74}.Debug|Any CPU.ActiveCfg = Debug|Any CPU
		{6A54CEC2-8A56-478A-9A04-1DE8978DDD74}.Debug|Any CPU.Build.0 = Debug|Any CPU
		{6A54CEC2-8A56-478A-9A04-1DE8978DDD74}.Debug|x64.ActiveCfg = Debug|Any CPU
		{6A54CEC2-8A56-478A-9A04-1DE8978DDD74}.Debug|x64.Build.0 = Debug|Any CPU
		{6A54CEC2-8A56-478A-9A04-1DE8978DDD74}.Debug|x86.ActiveCfg = Debug|Any CPU
		{6A54CEC2-8A56-478A-9A04-1DE8978DDD74}.Debug|x86.Build.0 = Debug|Any CPU
		{6A54CEC2-8A56-478A-9A04-1DE8978DDD74}.Release|Any CPU.ActiveCfg = Release|Any CPU
		{6A54CEC2-8A56-478A-9A04-1DE8978DDD74}.Release|Any CPU.Build.0 = Release|Any CPU
		{6A54CEC2-8A56-478A-9A04-1DE8978DDD74}.Release|x64.ActiveCfg = Release|Any CPU
		{6A54CEC2-8A56-478A-9A04-1DE8978DDD74}.Release|x64.Build.0 = Release|Any CPU
		{6A54CEC2-8A56-478A-9A04-1DE8978DDD74}.Release|x86.ActiveCfg = Release|Any CPU
		{6A54CEC2-8A56-478A-9A04-1DE8978DDD74}.Release|x86.Build.0 = Release|Any CPU
		{9B89C8A6-40E2-430A-909F-7CD0FEF4DC12}.Debug|Any CPU.ActiveCfg = Debug|Any CPU
		{9B89C8A6-40E2-430A-909F-7CD0FEF4DC12}.Debug|Any CPU.Build.0 = Debug|Any CPU
		{9B89C8A6-40E2-430A-909F-7CD0FEF4DC12}.Debug|x64.ActiveCfg = Debug|Any CPU
		{9B89C8A6-40E2-430A-909F-7CD0FEF4DC12}.Debug|x64.Build.0 = Debug|Any CPU
		{9B89C8A6-40E2-430A-909F-7CD0FEF4DC12}.Debug|x86.ActiveCfg = Debug|Any CPU
		{9B89C8A6-40E2-430A-909F-7CD0FEF4DC12}.Debug|x86.Build.0 = Debug|Any CPU
		{9B89C8A6-40E2-430A-909F-7CD0FEF4DC12}.Release|Any CPU.ActiveCfg = Release|Any CPU
		{9B89C8A6-40E2-430A-909F-7CD0FEF4DC12}.Release|Any CPU.Build.0 = Release|Any CPU
		{9B89C8A6-40E2-430A-909F-7CD0FEF4DC12}.Release|x64.ActiveCfg = Release|Any CPU
		{9B89C8A6-40E2-430A-909F-7CD0FEF4DC12}.Release|x64.Build.0 = Release|Any CPU
		{9B89C8A6-40E2-430A-909F-7CD0FEF4DC12}.Release|x86.ActiveCfg = Release|Any CPU
		{9B89C8A6-40E2-430A-909F-7CD0FEF4DC12}.Release|x86.Build.0 = Release|Any CPU
	EndGlobalSection
	GlobalSection(SolutionProperties) = preSolution
		HideSolutionNode = FALSE
	EndGlobalSection
	GlobalSection(ExtensibilityGlobals) = postSolution
		SolutionGuid = {C4EC85D7-A3D3-408B-BAD0-C2BA1B2FB4D4}
	EndGlobalSection
EndGlobal
